
Microsoft Visual Studio Solution File, Format Version 12.00
# Visual Studio Version 16
VisualStudioVersion = 16.0.31105.61
MinimumVisualStudioVersion = 10.0.40219.1
Project("{8BC9CEB8-8B4A-11D0-8D11-00A0C91BC942}") = "Tuldok.Hash", "Tuldok.Hash\Tuldok.Hash.vcxproj", "{BEF7923F-92CA-4B38-9D0F-BCCDFB8420E2}"
EndProject
Project("{9A19103F-16F7-4668-BE54-9A1E7A4F7556}") = "Tuldok.Hash.Test", "Tuldok.Hash.Test\Tuldok.Hash.Test.csproj", "{82D33939-7720-46DD-AB49-29D0C54EB764}"
EndProject
Global
	GlobalSection(SolutionConfigurationPlatforms) = preSolution
		Debug|Any CPU = Debug|Any CPU
		Debug|ARM64 = Debug|ARM64
		Debug|x64 = Debug|x64
		Debug|x86 = Debug|x86
		Release|Any CPU = Release|Any CPU
		Release|ARM64 = Release|ARM64
		Release|x64 = Release|x64
		Release|x86 = Release|x86
	EndGlobalSection
	GlobalSection(ProjectConfigurationPlatforms) = postSolution
		{BEF7923F-92CA-4B38-9D0F-BCCDFB8420E2}.Debug|Any CPU.ActiveCfg = Debug|Win32
		{BEF7923F-92CA-4B38-9D0F-BCCDFB8420E2}.Debug|ARM64.ActiveCfg = Debug|ARM64
		{BEF7923F-92CA-4B38-9D0F-BCCDFB8420E2}.Debug|ARM64.Build.0 = Debug|ARM64
		{BEF7923F-92CA-4B38-9D0F-BCCDFB8420E2}.Debug|x64.ActiveCfg = Debug|x64
		{BEF7923F-92CA-4B38-9D0F-BCCDFB8420E2}.Debug|x64.Build.0 = Debug|x64
		{BEF7923F-92CA-4B38-9D0F-BCCDFB8420E2}.Debug|x86.ActiveCfg = Debug|Win32
		{BEF7923F-92CA-4B38-9D0F-BCCDFB8420E2}.Debug|x86.Build.0 = Debug|Win32
		{BEF7923F-92CA-4B38-9D0F-BCCDFB8420E2}.Release|Any CPU.ActiveCfg = Release|Win32
		{BEF7923F-92CA-4B38-9D0F-BCCDFB8420E2}.Release|ARM64.ActiveCfg = Release|ARM64
		{BEF7923F-92CA-4B38-9D0F-BCCDFB8420E2}.Release|ARM64.Build.0 = Release|ARM64
		{BEF7923F-92CA-4B38-9D0F-BCCDFB8420E2}.Release|x64.ActiveCfg = Release|x64
		{BEF7923F-92CA-4B38-9D0F-BCCDFB8420E2}.Release|x64.Build.0 = Release|x64
		{BEF7923F-92CA-4B38-9D0F-BCCDFB8420E2}.Release|x86.ActiveCfg = Release|Win32
		{BEF7923F-92CA-4B38-9D0F-BCCDFB8420E2}.Release|x86.Build.0 = Release|Win32
		{82D33939-7720-46DD-AB49-29D0C54EB764}.Debug|Any CPU.ActiveCfg = Debug|Any CPU
		{82D33939-7720-46DD-AB49-29D0C54EB764}.Debug|Any CPU.Build.0 = Debug|Any CPU
		{82D33939-7720-46DD-AB49-29D0C54EB764}.Debug|ARM64.ActiveCfg = Debug|Any CPU
		{82D33939-7720-46DD-AB49-29D0C54EB764}.Debug|ARM64.Build.0 = Debug|Any CPU
		{82D33939-7720-46DD-AB49-29D0C54EB764}.Debug|x64.ActiveCfg = Debug|Any CPU
		{82D33939-7720-46DD-AB49-29D0C54EB764}.Debug|x64.Build.0 = Debug|Any CPU
		{82D33939-7720-46DD-AB49-29D0C54EB764}.Debug|x86.ActiveCfg = Debug|Any CPU
		{82D33939-7720-46DD-AB49-29D0C54EB764}.Debug|x86.Build.0 = Debug|Any CPU
		{82D33939-7720-46DD-AB49-29D0C54EB764}.Release|Any CPU.ActiveCfg = Release|Any CPU
		{82D33939-7720-46DD-AB49-29D0C54EB764}.Release|Any CPU.Build.0 = Release|Any CPU
		{82D33939-7720-46DD-AB49-29D0C54EB764}.Release|ARM64.ActiveCfg = Release|Any CPU
		{82D33939-7720-46DD-AB49-29D0C54EB764}.Release|ARM64.Build.0 = Release|Any CPU
		{82D33939-7720-46DD-AB49-29D0C54EB764}.Release|x64.ActiveCfg = Release|Any CPU
		{82D33939-7720-46DD-AB49-29D0C54EB764}.Release|x64.Build.0 = Release|Any CPU
		{82D33939-7720-46DD-AB49-29D0C54EB764}.Release|x86.ActiveCfg = Release|Any CPU
		{82D33939-7720-46DD-AB49-29D0C54EB764}.Release|x86.Build.0 = Release|Any CPU
	EndGlobalSection
	GlobalSection(SolutionProperties) = preSolution
		HideSolutionNode = FALSE
	EndGlobalSection
	GlobalSection(ExtensibilityGlobals) = postSolution
		SolutionGuid = {3CFA8BC4-7C83-49F7-B04E-8CD042AF60DF}
	EndGlobalSection
EndGlobal
